github.com/go-zoo/bone v0.0.0-20190117145001-d7ce1372afa7 h1:9j1EAzjykFGj2YY/+Y1TcEQMf5eAEOzbnPUMT9YYb5g=
github.com/go-zoo/bone v0.0.0-20190117145001-d7ce1372afa7/go.mod h1:HI3Lhb7G3UQcAwEhOJ2WyNcsFtQX1WYHa0Hl4OBbhW8=
github.com/gorilla/mux v1.7.0 h1:tOSd0UKHQd6urX6ApfOn4XdBMY6Sh1MfxV3kmaazO+U=
github.com/gorilla/mux v1.7.0/go.mod h1:1lud6UwP+6orDFRuTfBEV8e9/aOM/c4fVVCaMa2zaAs=
